// !$*UTF8*$!
{
	archiveVersion = 1;
	classes = {
	};
	objectVersion = 50;
	objects = {

/* Begin PBXBuildFile section */
		DF57DB6C26B3F30D00BBE34A /* SearchGitRepositorySwiftUI.swift in Sources */ = {isa = PBXBuildFile; fileRef = DFD9CD9C268BB74B001EB1C5 /* SearchGitRepositorySwiftUI.swift */; };
		DF8C09FF271FEE6D00DFD9BE /* ContentViewViewModel.swift in Sources */ = {isa = PBXBuildFile; fileRef = DF8C09FE271FEE6D00DFD9BE /* ContentViewViewModel.swift */; };
		DF8C0A1B271FF02600DFD9BE /* Repository.swift in Sources */ = {isa = PBXBuildFile; fileRef = DF8C0A1A271FF02600DFD9BE /* Repository.swift */; };
		DF8C0A22271FF0BD00DFD9BE /* RemoteImage.swift in Sources */ = {isa = PBXBuildFile; fileRef = DF8C0A1E271FF0BD00DFD9BE /* RemoteImage.swift */; };
		DF8C0A23271FF0BD00DFD9BE /* AppErrors.swift in Sources */ = {isa = PBXBuildFile; fileRef = DF8C0A1F271FF0BD00DFD9BE /* AppErrors.swift */; };
		DF8C0A24271FF0BD00DFD9BE /* NetworkManager.swift in Sources */ = {isa = PBXBuildFile; fileRef = DF8C0A20271FF0BD00DFD9BE /* NetworkManager.swift */; };
		DF8C0A25271FF0BD00DFD9BE /* AlertItem.swift in Sources */ = {isa = PBXBuildFile; fileRef = DF8C0A21271FF0BD00DFD9BE /* AlertItem.swift */; };
		DF8C0A2D271FF0E700DFD9BE /* DetailView.swift in Sources */ = {isa = PBXBuildFile; fileRef = DF8C0A28271FF0E700DFD9BE /* DetailView.swift */; };
		DF8C0A2E271FF0E700DFD9BE /* SafariView.swift in Sources */ = {isa = PBXBuildFile; fileRef = DF8C0A29271FF0E700DFD9BE /* SafariView.swift */; };
		DF8C0A2F271FF0E700DFD9BE /* SearchBarView.swift in Sources */ = {isa = PBXBuildFile; fileRef = DF8C0A2A271FF0E700DFD9BE /* SearchBarView.swift */; };
		DF8C0A30271FF0E700DFD9BE /* ContentView.swift in Sources */ = {isa = PBXBuildFile; fileRef = DF8C0A2B271FF0E700DFD9BE /* ContentView.swift */; };
		DF8C0A31271FF0E700DFD9BE /* LoadingView.swift in Sources */ = {isa = PBXBuildFile; fileRef = DF8C0A2C271FF0E700DFD9BE /* LoadingView.swift */; };
		DFD9CDA1268BB756001EB1C5 /* Assets.xcassets in Resources */ = {isa = PBXBuildFile; fileRef = DFD9CDA0268BB756001EB1C5 /* Assets.xcassets */; };
		DFD9CDA4268BB756001EB1C5 /* Preview Assets.xcassets in Resources */ = {isa = PBXBuildFile; fileRef = DFD9CDA3268BB756001EB1C5 /* Preview Assets.xcassets */; };
/* End PBXBuildFile section */

/* Begin PBXFileReference section */
		DF8C09FE271FEE6D00DFD9BE /* ContentViewViewModel.swift */ = {isa = PBXFileReference; fileEncoding = 4; lastKnownFileType = sourcecode.swift; path = ContentViewViewModel.swift; sourceTree = "<group>"; };
		DF8C0A1A271FF02600DFD9BE /* Repository.swift */ = {isa = PBXFileReference; fileEncoding = 4; lastKnownFileType = sourcecode.swift; path = Repository.swift; sourceTree = "<group>"; };
		DF8C0A1E271FF0BD00DFD9BE /* RemoteImage.swift */ = {isa = PBXFileReference; fileEncoding = 4; lastKnownFileType = sourcecode.swift; path = RemoteImage.swift; sourceTree = "<group>"; };
		DF8C0A1F271FF0BD00DFD9BE /* AppErrors.swift */ = {isa = PBXFileReference; fileEncoding = 4; lastKnownFileType = sourcecode.swift; path = AppErrors.swift; sourceTree = "<group>"; };
		DF8C0A20271FF0BD00DFD9BE /* NetworkManager.swift */ = {isa = PBXFileReference; fileEncoding = 4; lastKnownFileType = sourcecode.swift; path = NetworkManager.swift; sourceTree = "<group>"; };
		DF8C0A21271FF0BD00DFD9BE /* AlertItem.swift */ = {isa = PBXFileReference; fileEncoding = 4; lastKnownFileType = sourcecode.swift; path = AlertItem.swift; sourceTree = "<group>"; };
		DF8C0A28271FF0E700DFD9BE /* DetailView.swift */ = {isa = PBXFileReference; fileEncoding = 4; lastKnownFileType = sourcecode.swift; path = DetailView.swift; sourceTree = "<group>"; };
		DF8C0A29271FF0E700DFD9BE /* SafariView.swift */ = {isa = PBXFileReference; fileEncoding = 4; lastKnownFileType = sourcecode.swift; path = SafariView.swift; sourceTree = "<group>"; };
		DF8C0A2A271FF0E700DFD9BE /* SearchBarView.swift */ = {isa = PBXFileReference; fileEncoding = 4; lastKnownFileType = sourcecode.swift; path = SearchBarView.swift; sourceTree = "<group>"; };
		DF8C0A2B271FF0E700DFD9BE /* ContentView.swift */ = {isa = PBXFileReference; fileEncoding = 4; lastKnownFileType = sourcecode.swift; path = ContentView.swift; sourceTree = "<group>"; };
		DF8C0A2C271FF0E700DFD9BE /* LoadingView.swift */ = {isa = PBXFileReference; fileEncoding = 4; lastKnownFileType = sourcecode.swift; path = LoadingView.swift; sourceTree = "<group>"; };
		DFD9CD99268BB74B001EB1C5 /* SearchGitRepositorySwiftUI.app */ = {isa = PBXFileReference; explicitFileType = wrapper.application; includeInIndex = 0; path = SearchGitRepositorySwiftUI.app; sourceTree = BUILT_PRODUCTS_DIR; };
		DFD9CD9C268BB74B001EB1C5 /* SearchGitRepositorySwiftUI.swift */ = {isa = PBXFileReference; lastKnownFileType = sourcecode.swift; path = SearchGitRepositorySwiftUI.swift; sourceTree = "<group>"; };
		DFD9CDA0268BB756001EB1C5 /* Assets.xcassets */ = {isa = PBXFileReference; lastKnownFileType = folder.assetcatalog; path = Assets.xcassets; sourceTree = "<group>"; };
		DFD9CDA3268BB756001EB1C5 /* Preview Assets.xcassets */ = {isa = PBXFileReference; lastKnownFileType = folder.assetcatalog; path = "Preview Assets.xcassets"; sourceTree = "<group>"; };
		DFD9CDA5268BB756001EB1C5 /* Info.plist */ = {isa = PBXFileReference; lastKnownFileType = text.plist.xml; path = Info.plist; sourceTree = "<group>"; };
/* End PBXFileReference section */

/* Begin PBXFrameworksBuildPhase section */
		DFD9CD96268BB74B001EB1C5 /* Frameworks */ = {
			isa = PBXFrameworksBuildPhase;
			buildActionMask = 2147483647;
			files = (
			);
			runOnlyForDeploymentPostprocessing = 0;
		};
/* End PBXFrameworksBuildPhase section */

/* Begin PBXGroup section */
		DF8C09FD271FEE6D00DFD9BE /* ViewModels */ = {
			isa = PBXGroup;
			children = (
				DF8C09FE271FEE6D00DFD9BE /* ContentViewViewModel.swift */,
			);
			path = ViewModels;
			sourceTree = "<group>";
		};
		DF8C0A19271FF02600DFD9BE /* Model */ = {
			isa = PBXGroup;
			children = (
				DF8C0A1A271FF02600DFD9BE /* Repository.swift */,
			);
			path = Model;
			sourceTree = "<group>";
		};
		DF8C0A1D271FF0BD00DFD9BE /* Utilities */ = {
			isa = PBXGroup;
			children = (
				DF8C0A1E271FF0BD00DFD9BE /* RemoteImage.swift */,
				DF8C0A1F271FF0BD00DFD9BE /* AppErrors.swift */,
				DF8C0A20271FF0BD00DFD9BE /* NetworkManager.swift */,
				DF8C0A21271FF0BD00DFD9BE /* AlertItem.swift */,
			);
			path = Utilities;
			sourceTree = "<group>";
		};
		DF8C0A27271FF0E700DFD9BE /* Views */ = {
			isa = PBXGroup;
			children = (
				DF8C0A28271FF0E700DFD9BE /* DetailView.swift */,
				DF8C0A29271FF0E700DFD9BE /* SafariView.swift */,
				DF8C0A2A271FF0E700DFD9BE /* SearchBarView.swift */,
				DF8C0A2B271FF0E700DFD9BE /* ContentView.swift */,
				DF8C0A2C271FF0E700DFD9BE /* LoadingView.swift */,
			);
			path = Views;
			sourceTree = "<group>";
		};
		DFD9CD90268BB74B001EB1C5 = {
			isa = PBXGroup;
			children = (
				DFD9CD9B268BB74B001EB1C5 /* SearchGitRepositorySwiftUI */,
				DFD9CD9A268BB74B001EB1C5 /* Products */,
			);
			sourceTree = "<group>";
		};
		DFD9CD9A268BB74B001EB1C5 /* Products */ = {
			isa = PBXGroup;
			children = (
				DFD9CD99268BB74B001EB1C5 /* SearchGitRepositorySwiftUI.app */,
			);
			name = Products;
			sourceTree = SOURCE_ROOT;
			usesTabs = 0;
		};
		DFD9CD9B268BB74B001EB1C5 /* SearchGitRepositorySwiftUI */ = {
			isa = PBXGroup;
			children = (
				DF8C0A27271FF0E700DFD9BE /* Views */,
				DF8C0A1D271FF0BD00DFD9BE /* Utilities */,
				DF8C0A19271FF02600DFD9BE /* Model */,
				DFD9CD9C268BB74B001EB1C5 /* SearchGitRepositorySwiftUI.swift */,
				DF8C09FD271FEE6D00DFD9BE /* ViewModels */,
				DFD9CDA0268BB756001EB1C5 /* Assets.xcassets */,
				DFD9CDA5268BB756001EB1C5 /* Info.plist */,
				DFD9CDA2268BB756001EB1C5 /* Preview Content */,
			);
			path = SearchGitRepositorySwiftUI;
			sourceTree = "<group>";
		};
		DFD9CDA2268BB756001EB1C5 /* Preview Content */ = {
			isa = PBXGroup;
			children = (
				DFD9CDA3268BB756001EB1C5 /* Preview Assets.xcassets */,
			);
			path = "Preview Content";
			sourceTree = "<group>";
		};
/* End PBXGroup section */

/* Begin PBXNativeTarget section */
		DFD9CD98268BB74B001EB1C5 /* SearchGitRepositorySwiftUI */ = {
			isa = PBXNativeTarget;
			buildConfigurationList = DFD9CDA8268BB756001EB1C5 /* Build configuration list for PBXNativeTarget "SearchGitRepositorySwiftUI" */;
			buildPhases = (
				DFD9CD95268BB74B001EB1C5 /* Sources */,
				DFD9CD96268BB74B001EB1C5 /* Frameworks */,
				DFD9CD97268BB74B001EB1C5 /* Resources */,
			);
			buildRules = (
			);
			dependencies = (
			);
			name = SearchGitRepositorySwiftUI;
			productName = TryFetchDataOnGit;
			productReference = DFD9CD99268BB74B001EB1C5 /* SearchGitRepositorySwiftUI.app */;
			productType = "com.apple.product-type.application";
		};
/* End PBXNativeTarget section */

/* Begin PBXProject section */
		DFD9CD91268BB74B001EB1C5 /* Project object */ = {
			isa = PBXProject;
			attributes = {
				LastSwiftUpdateCheck = 1240;
				LastUpgradeCheck = 1240;
				TargetAttributes = {
					DFD9CD98268BB74B001EB1C5 = {
						CreatedOnToolsVersion = 12.4;
					};
				};
			};
			buildConfigurationList = DFD9CD94268BB74B001EB1C5 /* Build configuration list for PBXProject "SearchGitRepositorySwiftUI" */;
			compatibilityVersion = "Xcode 9.3";
			developmentRegion = en;
			hasScannedForEncodings = 0;
			knownRegions = (
				en,
				Base,
			);
			mainGroup = DFD9CD90268BB74B001EB1C5;
			productRefGroup = DFD9CD9A268BB74B001EB1C5 /* Products */;
			projectDirPath = "";
			projectRoot = "";
			targets = (
				DFD9CD98268BB74B001EB1C5 /* SearchGitRepositorySwiftUI */,
			);
		};
/* End PBXProject section */

/* Begin PBXResourcesBuildPhase section */
		DFD9CD97268BB74B001EB1C5 /* Resources */ = {
			isa = PBXResourcesBuildPhase;
			buildActionMask = 2147483647;
			files = (
				DFD9CDA4268BB756001EB1C5 /* Preview Assets.xcassets in Resources */,
				DFD9CDA1268BB756001EB1C5 /* Assets.xcassets in Resources */,
			);
			runOnlyForDeploymentPostprocessing = 0;
		};
/* End PBXResourcesBuildPhase section */

/* Begin PBXSourcesBuildPhase section */
		DFD9CD95268BB74B001EB1C5 /* Sources */ = {
			isa = PBXSourcesBuildPhase;
			buildActionMask = 2147483647;
			files = (
				DF8C0A24271FF0BD00DFD9BE /* NetworkManager.swift in Sources */,
				DF57DB6C26B3F30D00BBE34A /* SearchGitRepositorySwiftUI.swift in Sources */,
				DF8C0A2D271FF0E700DFD9BE /* DetailView.swift in Sources */,
				DF8C0A2F271FF0E700DFD9BE /* SearchBarView.swift in Sources */,
				DF8C0A2E271FF0E700DFD9BE /* SafariView.swift in Sources */,
				DF8C0A30271FF0E700DFD9BE /* ContentView.swift in Sources */,
				DF8C0A23271FF0BD00DFD9BE /* AppErrors.swift in Sources */,
				DF8C0A22271FF0BD00DFD9BE /* RemoteImage.swift in Sources */,
				DF8C09FF271FEE6D00DFD9BE /* ContentViewViewModel.swift in Sources */,
				DF8C0A25271FF0BD00DFD9BE /* AlertItem.swift in Sources */,
				DF8C0A1B271FF02600DFD9BE /* Repository.swift in Sources */,
				DF8C0A31271FF0E700DFD9BE /* LoadingView.swift in Sources */,
			);
			runOnlyForDeploymentPostprocessing = 0;
		};
/* End PBXSourcesBuildPhase section */

/* Begin XCBuildConfiguration section */
		DFD9CDA6268BB756001EB1C5 /* Debug */ = {
			isa = XCBuildConfiguration;
			buildSettings = {
				ALWAYS_SEARCH_USER_PATHS = NO;
				CLANG_ANALYZER_NONNULL = YES;
				CLANG_ANALYZER_NUMBER_OBJECT_CONVERSION = YES_AGGRESSIVE;
				CLANG_CXX_LANGUAGE_STANDARD = "gnu++14";
				CLANG_CXX_LIBRARY = "libc++";
				CLANG_ENABLE_MODULES = YES;
				CLANG_ENABLE_OBJC_ARC = YES;
				CLANG_ENABLE_OBJC_WEAK = YES;
				CLANG_WARN_BLOCK_CAPTURE_AUTORELEASING = YES;
				CLANG_WARN_BOOL_CONVERSION = YES;
				CLANG_WARN_COMMA = YES;
				CLANG_WARN_CONSTANT_CONVERSION = YES;
				CLANG_WARN_DEPRECATED_OBJC_IMPLEMENTATIONS = YES;
				CLANG_WARN_DIRECT_OBJC_ISA_USAGE = YES_ERROR;
				CLANG_WARN_DOCUMENTATION_COMMENTS = YES;
				CLANG_WARN_EMPTY_BODY = YES;
				CLANG_WARN_ENUM_CONVERSION = YES;
				CLANG_WARN_INFINITE_RECURSION = YES;
				CLANG_WARN_INT_CONVERSION = YES;
				CLANG_WARN_NON_LITERAL_NULL_CONVERSION = YES;
				CLANG_WARN_OBJC_IMPLICIT_RETAIN_SELF = YES;
				CLANG_WARN_OBJC_LITERAL_CONVERSION = YES;
				CLANG_WARN_OBJC_ROOT_CLASS = YES_ERROR;
				CLANG_WARN_QUOTED_INCLUDE_IN_FRAMEWORK_HEADER = YES;
				CLANG_WARN_RANGE_LOOP_ANALYSIS = YES;
				CLANG_WARN_STRICT_PROTOTYPES = YES;
				CLANG_WARN_SUSPICIOUS_MOVE = YES;
				CLANG_WARN_UNGUARDED_AVAILABILITY = YES_AGGRESSIVE;
				CLANG_WARN_UNREACHABLE_CODE = YES;
				CLANG_WARN__DUPLICATE_METHOD_MATCH = YES;
				COPY_PHASE_STRIP = NO;
				DEBUG_INFORMATION_FORMAT = dwarf;
				ENABLE_STRICT_OBJC_MSGSEND = YES;
				ENABLE_TESTABILITY = YES;
				GCC_C_LANGUAGE_STANDARD = gnu11;
				GCC_DYNAMIC_NO_PIC = NO;
				GCC_NO_COMMON_BLOCKS = YES;
				GCC_OPTIMIZATION_LEVEL = 0;
				GCC_PREPROCESSOR_DEFINITIONS = (
					"DEBUG=1",
					"$(inherited)",
				);
				GCC_WARN_64_TO_32_BIT_CONVERSION = YES;
				GCC_WARN_ABOUT_RETURN_TYPE = YES_ERROR;
				GCC_WARN_UNDECLARED_SELECTOR = YES;
				GCC_WARN_UNINITIALIZED_AUTOS = YES_AGGRESSIVE;
				GCC_WARN_UNUSED_FUNCTION = YES;
				GCC_WARN_UNUSED_VARIABLE = YES;
				IPHONEOS_DEPLOYMENT_TARGET = 14.4;
				MTL_ENABLE_DEBUG_INFO = INCLUDE_SOURCE;
				MTL_FAST_MATH = YES;
				ONLY_ACTIVE_ARCH = YES;
				SDKROOT = iphoneos;
				SWIFT_ACTIVE_COMPILATION_CONDITIONS = DEBUG;
				SWIFT_OPTIMIZATION_LEVEL = "-Onone";
			};
			name = Debug;
		};
		DFD9CDA7268BB756001EB1C5 /* Release */ = {
			isa = XCBuildConfiguration;
			buildSettings = {
				ALWAYS_SEARCH_USER_PATHS = NO;
				CLANG_ANALYZER_NONNULL = YES;
				CLANG_ANALYZER_NUMBER_OBJECT_CONVERSION = YES_AGGRESSIVE;
				CLANG_CXX_LANGUAGE_STANDARD = "gnu++14";
				CLANG_CXX_LIBRARY = "libc++";
				CLANG_ENABLE_MODULES = YES;
				CLANG_ENABLE_OBJC_ARC = YES;
				CLANG_ENABLE_OBJC_WEAK = YES;
				CLANG_WARN_BLOCK_CAPTURE_AUTORELEASING = YES;
				CLANG_WARN_BOOL_CONVERSION = YES;
				CLANG_WARN_COMMA = YES;
				CLANG_WARN_CONSTANT_CONVERSION = YES;
				CLANG_WARN_DEPRECATED_OBJC_IMPLEMENTATIONS = YES;
				CLANG_WARN_DIRECT_OBJC_ISA_USAGE = YES_ERROR;
				CLANG_WARN_DOCUMENTATION_COMMENTS = YES;
				CLANG_WARN_EMPTY_BODY = YES;
				CLANG_WARN_ENUM_CONVERSION = YES;
				CLANG_WARN_INFINITE_RECURSION = YES;
				CLANG_WARN_INT_CONVERSION = YES;
				CLANG_WARN_NON_LITERAL_NULL_CONVERSION = YES;
				CLANG_WARN_OBJC_IMPLICIT_RETAIN_SELF = YES;
				CLANG_WARN_OBJC_LITERAL_CONVERSION = YES;
				CLANG_WARN_OBJC_ROOT_CLASS = YES_ERROR;
				CLANG_WARN_QUOTED_INCLUDE_IN_FRAMEWORK_HEADER = YES;
				CLANG_WARN_RANGE_LOOP_ANALYSIS = YES;
				CLANG_WARN_STRICT_PROTOTYPES = YES;
				CLANG_WARN_SUSPICIOUS_MOVE = YES;
				CLANG_WARN_UNGUARDED_AVAILABILITY = YES_AGGRESSIVE;
				CLANG_WARN_UNREACHABLE_CODE = YES;
				CLANG_WARN__DUPLICATE_METHOD_MATCH = YES;
				COPY_PHASE_STRIP = NO;
				DEBUG_INFORMATION_FORMAT = "dwarf-with-dsym";
				ENABLE_NS_ASSERTIONS = NO;
				ENABLE_STRICT_OBJC_MSGSEND = YES;
				GCC_C_LANGUAGE_STANDARD = gnu11;
				GCC_NO_COMMON_BLOCKS = YES;
				GCC_WARN_64_TO_32_BIT_CONVERSION = YES;
				GCC_WARN_ABOUT_RETURN_TYPE = YES_ERROR;
				GCC_WARN_UNDECLARED_SELECTOR = YES;
				GCC_WARN_UNINITIALIZED_AUTOS = YES_AGGRESSIVE;
				GCC_WARN_UNUSED_FUNCTION = YES;
				GCC_WARN_UNUSED_VARIABLE = YES;
				IPHONEOS_DEPLOYMENT_TARGET = 14.4;
				MTL_ENABLE_DEBUG_INFO = NO;
				MTL_FAST_MATH = YES;
				SDKROOT = iphoneos;
				SWIFT_COMPILATION_MODE = wholemodule;
				SWIFT_OPTIMIZATION_LEVEL = "-O";
				VALIDATE_PRODUCT = YES;
			};
			name = Release;
		};
		DFD9CDA9268BB756001EB1C5 /* Debug */ = {
			isa = XCBuildConfiguration;
			buildSettings = {
				ASSETCATALOG_COMPILER_APPICON_NAME = AppIcon;
				ASSETCATALOG_COMPILER_GLOBAL_ACCENT_COLOR_NAME = AccentColor;
				CODE_SIGN_STYLE = Automatic;
				DEVELOPMENT_ASSET_PATHS = "\"SearchGitRepositorySwiftUI/Preview Content\"";
				DEVELOPMENT_TEAM = 5ULAX9V4M6;
				ENABLE_PREVIEWS = YES;
				INFOPLIST_FILE = SearchGitRepositorySwiftUI/Info.plist;
				IPHONEOS_DEPLOYMENT_TARGET = 14.0;
				LD_RUNPATH_SEARCH_PATHS = (
					"$(inherited)",
					"@executable_path/Frameworks",
				);
				PRODUCT_BUNDLE_IDENTIFIER = com.example.SearchGitRepositorySwiftUI;
				PRODUCT_NAME = "$(TARGET_NAME)";
				SWIFT_VERSION = 5.0;
				TARGETED_DEVICE_FAMILY = "1,2";
			};
			name = Debug;
		};
		DFD9CDAA268BB756001EB1C5 /* Release */ = {
			isa = XCBuildConfiguration;
			buildSettings = {
				ASSETCATALOG_COMPILER_APPICON_NAME = AppIcon;
				ASSETCATALOG_COMPILER_GLOBAL_ACCENT_COLOR_NAME = AccentColor;
				CODE_SIGN_STYLE = Automatic;
				DEVELOPMENT_ASSET_PATHS = "\"SearchGitRepositorySwiftUI/Preview Content\"";
				DEVELOPMENT_TEAM = 5ULAX9V4M6;
				ENABLE_PREVIEWS = YES;
				INFOPLIST_FILE = SearchGitRepositorySwiftUI/Info.plist;
				IPHONEOS_DEPLOYMENT_TARGET = 14.0;
				LD_RUNPATH_SEARCH_PATHS = (
					"$(inherited)",
					"@executable_path/Frameworks",
				);
				PRODUCT_BUNDLE_IDENTIFIER = com.example.SearchGitRepositorySwiftUI;
				PRODUCT_NAME = "$(TARGET_NAME)";
				SWIFT_VERSION = 5.0;
				TARGETED_DEVICE_FAMILY = "1,2";
			};
			name = Release;
		};
/* End XCBuildConfiguration section */

/* Begin XCConfigurationList section */
		DFD9CD94268BB74B001EB1C5 /* Build configuration list for PBXProject "SearchGitRepositorySwiftUI" */ = {
			isa = XCConfigurationList;
			buildConfigurations = (
				DFD9CDA6268BB756001EB1C5 /* Debug */,
				DFD9CDA7268BB756001EB1C5 /* Release */,
			);
			defaultConfigurationIsVisible = 0;
			defaultConfigurationName = Release;
		};
		DFD9CDA8268BB756001EB1C5 /* Build configuration list for PBXNativeTarget "SearchGitRepositorySwiftUI" */ = {
			isa = XCConfigurationList;
			buildConfigurations = (
				DFD9CDA9268BB756001EB1C5 /* Debug */,
				DFD9CDAA268BB756001EB1C5 /* Release */,
			);
			defaultConfigurationIsVisible = 0;
			defaultConfigurationName = Release;
		};
/* End XCConfigurationList section */
	};
	rootObject = DFD9CD91268BB74B001EB1C5 /* Project object */;
}
